
Microsoft Visual Studio Solution File, Format Version 12.00
# Visual Studio Version 16
VisualStudioVersion = 16.0.29324.140
MinimumVisualStudioVersion = 10.0.40219.1
Project("{2150E333-8FDC-42A3-9474-1A3956D46DE8}") = "src", "src", "{C35824B9-4DDF-4D0D-B904-F6C1016B6598}"
EndProject
Project("{2150E333-8FDC-42A3-9474-1A3956D46DE8}") = "Core", "Core", "{4C5A2866-9044-4C46-90B7-35FD9A5EDFF8}"
EndProject
Project("{9A19103F-16F7-4668-BE54-9A1E7A4F7556}") = "Application", "Application\Application.csproj", "{873EC4EE-DC60-4583-A2CD-A79A5A3D3A84}"
EndProject
Project("{9A19103F-16F7-4668-BE54-9A1E7A4F7556}") = "Common", "Common\Common.csproj", "{7776BBF5-A1BD-4C0A-9862-518ED15F2542}"
EndProject
Project("{9A19103F-16F7-4668-BE54-9A1E7A4F7556}") = "Domain", "Domain\Domain.csproj", "{DFC61041-091E-4118-85F4-DB80C8B2959E}"
EndProject
Project("{2150E333-8FDC-42A3-9474-1A3956D46DE8}") = "Presentation", "Presentation", "{6658CD40-A8CB-43E1-A0E1-B4A0D2B8D5F7}"
EndProject
Project("{2150E333-8FDC-42A3-9474-1A3956D46DE8}") = "Infrastructure", "Infrastructure", "{30C9CA67-675C-45FE-9B8C-F59B32F24599}"
EndProject
Project("{9A19103F-16F7-4668-BE54-9A1E7A4F7556}") = "Infrastructure", "Infrastructure\Infrastructure.csproj", "{F8B04813-63AE-46B6-A704-0A6141F4A863}"
EndProject
Project("{9A19103F-16F7-4668-BE54-9A1E7A4F7556}") = "Persistence", "Persistence\Persistence.csproj", "{068AD4EC-DE22-402A-8061-6432C4FB3BAC}"
EndProject
Project("{2150E333-8FDC-42A3-9474-1A3956D46DE8}") = "Tests", "Tests", "{59A1AE0F-D310-474A-A70B-34D58E30FEB5}"
EndProject
Project("{9A19103F-16F7-4668-BE54-9A1E7A4F7556}") = "Kwaffeur.IntegrationTests", "Kwaffeur.IntegrationTests\Kwaffeur.IntegrationTests.csproj", "{6715280C-D872-404A-AA4A-B1B6577A3D93}"
EndProject
Project("{9A19103F-16F7-4668-BE54-9A1E7A4F7556}") = "Application.UnitTests", "Application.UnitTests\Application.UnitTests.csproj", "{0C360C9B-DBF1-42C6-A103-61F4AC4A03EC}"
EndProject
Project("{FAE04EC0-301F-11D3-BF4B-00C04F79EFBC}") = "KwaffeurWeb", "KwaffeurWeb\KwaffeurWeb.csproj", "{7B110E5B-16F6-4745-9361-ECA44249F050}"
EndProject
Global
	GlobalSection(SolutionConfigurationPlatforms) = preSolution
		Debug|Any CPU = Debug|Any CPU
		Release|Any CPU = Release|Any CPU
	EndGlobalSection
	GlobalSection(ProjectConfigurationPlatforms) = postSolution
		{873EC4EE-DC60-4583-A2CD-A79A5A3D3A84}.Debug|Any CPU.ActiveCfg = Debug|Any CPU
		{873EC4EE-DC60-4583-A2CD-A79A5A3D3A84}.Debug|Any CPU.Build.0 = Debug|Any CPU
		{873EC4EE-DC60-4583-A2CD-A79A5A3D3A84}.Release|Any CPU.ActiveCfg = Release|Any CPU
		{873EC4EE-DC60-4583-A2CD-A79A5A3D3A84}.Release|Any CPU.Build.0 = Release|Any CPU
		{7776BBF5-A1BD-4C0A-9862-518ED15F2542}.Debug|Any CPU.ActiveCfg = Debug|Any CPU
		{7776BBF5-A1BD-4C0A-9862-518ED15F2542}.Debug|Any CPU.Build.0 = Debug|Any CPU
		{7776BBF5-A1BD-4C0A-9862-518ED15F2542}.Release|Any CPU.ActiveCfg = Release|Any CPU
		{7776BBF5-A1BD-4C0A-9862-518ED15F2542}.Release|Any CPU.Build.0 = Release|Any CPU
		{DFC61041-091E-4118-85F4-DB80C8B2959E}.Debug|Any CPU.ActiveCfg = Debug|Any CPU
		{DFC61041-091E-4118-85F4-DB80C8B2959E}.Debug|Any CPU.Build.0 = Debug|Any CPU
		{DFC61041-091E-4118-85F4-DB80C8B2959E}.Release|Any CPU.ActiveCfg = Release|Any CPU
		{DFC61041-091E-4118-85F4-DB80C8B2959E}.Release|Any CPU.Build.0 = Release|Any CPU
		{F8B04813-63AE-46B6-A704-0A6141F4A863}.Debug|Any CPU.ActiveCfg = Debug|Any CPU
		{F8B04813-63AE-46B6-A704-0A6141F4A863}.Debug|Any CPU.Build.0 = Debug|Any CPU
		{F8B04813-63AE-46B6-A704-0A6141F4A863}.Release|Any CPU.ActiveCfg = Release|Any CPU
		{F8B04813-63AE-46B6-A704-0A6141F4A863}.Release|Any CPU.Build.0 = Release|Any CPU
		{068AD4EC-DE22-402A-8061-6432C4FB3BAC}.Debug|Any CPU.ActiveCfg = Debug|Any CPU
		{068AD4EC-DE22-402A-8061-6432C4FB3BAC}.Debug|Any CPU.Build.0 = Debug|Any CPU
		{068AD4EC-DE22-402A-8061-6432C4FB3BAC}.Release|Any CPU.ActiveCfg = Release|Any CPU
		{068AD4EC-DE22-402A-8061-6432C4FB3BAC}.Release|Any CPU.Build.0 = Release|Any CPU
		{6715280C-D872-404A-AA4A-B1B6577A3D93}.Debug|Any CPU.ActiveCfg = Debug|Any CPU
		{6715280C-D872-404A-AA4A-B1B6577A3D93}.Debug|Any CPU.Build.0 = Debug|Any CPU
		{6715280C-D872-404A-AA4A-B1B6577A3D93}.Release|Any CPU.ActiveCfg = Release|Any CPU
		{6715280C-D872-404A-AA4A-B1B6577A3D93}.Release|Any CPU.Build.0 = Release|Any CPU
		{0C360C9B-DBF1-42C6-A103-61F4AC4A03EC}.Debug|Any CPU.ActiveCfg = Debug|Any CPU
		{0C360C9B-DBF1-42C6-A103-61F4AC4A03EC}.Debug|Any CPU.Build.0 = Debug|Any CPU
		{0C360C9B-DBF1-42C6-A103-61F4AC4A03EC}.Release|Any CPU.ActiveCfg = Release|Any CPU
		{0C360C9B-DBF1-42C6-A103-61F4AC4A03EC}.Release|Any CPU.Build.0 = Release|Any CPU
		{7B110E5B-16F6-4745-9361-ECA44249F050}.Debug|Any CPU.ActiveCfg = Debug|Any CPU
		{7B110E5B-16F6-4745-9361-ECA44249F050}.Debug|Any CPU.Build.0 = Debug|Any CPU
		{7B110E5B-16F6-4745-9361-ECA44249F050}.Release|Any CPU.ActiveCfg = Release|Any CPU
		{7B110E5B-16F6-4745-9361-ECA44249F050}.Release|Any CPU.Build.0 = Release|Any CPU
	EndGlobalSection
	GlobalSection(SolutionProperties) = preSolution
		HideSolutionNode = FALSE
	EndGlobalSection
	GlobalSection(NestedProjects) = preSolution
		{4C5A2866-9044-4C46-90B7-35FD9A5EDFF8} = {C35824B9-4DDF-4D0D-B904-F6C1016B6598}
		{873EC4EE-DC60-4583-A2CD-A79A5A3D3A84} = {4C5A2866-9044-4C46-90B7-35FD9A5EDFF8}
		{7776BBF5-A1BD-4C0A-9862-518ED15F2542} = {4C5A2866-9044-4C46-90B7-35FD9A5EDFF8}
		{DFC61041-091E-4118-85F4-DB80C8B2959E} = {4C5A2866-9044-4C46-90B7-35FD9A5EDFF8}
		{6658CD40-A8CB-43E1-A0E1-B4A0D2B8D5F7} = {C35824B9-4DDF-4D0D-B904-F6C1016B6598}
		{30C9CA67-675C-45FE-9B8C-F59B32F24599} = {C35824B9-4DDF-4D0D-B904-F6C1016B6598}
		{F8B04813-63AE-46B6-A704-0A6141F4A863} = {30C9CA67-675C-45FE-9B8C-F59B32F24599}
		{068AD4EC-DE22-402A-8061-6432C4FB3BAC} = {30C9CA67-675C-45FE-9B8C-F59B32F24599}
		{6715280C-D872-404A-AA4A-B1B6577A3D93} = {59A1AE0F-D310-474A-A70B-34D58E30FEB5}
		{0C360C9B-DBF1-42C6-A103-61F4AC4A03EC} = {59A1AE0F-D310-474A-A70B-34D58E30FEB5}
		{7B110E5B-16F6-4745-9361-ECA44249F050} = {6658CD40-A8CB-43E1-A0E1-B4A0D2B8D5F7}
	EndGlobalSection
	GlobalSection(ExtensibilityGlobals) = postSolution
		SolutionGuid = {CC0C6BE3-5FA0-4E75-9F2C-B60244C4BC48}
	EndGlobalSection
EndGlobal
